<?xml version="1.0" encoding="utf-8"?>
<Project ToolsVersion="4.0" xmlns="http://schemas.microsoft.com/developer/msbuild/2003">
  <ItemGroup>
    <Filter Include="Source Files">
      <UniqueIdentifier>{4FC737F1-C7A5-4376-A066-2A32D752A2FF}</UniqueIdentifier>
      <Extensions>cpp;c;cc;cxx;def;odl;idl;hpj;bat;asm;asmx</Extensions>
    </Filter>
    <Filter Include="Header Files">
      <UniqueIdentifier>{93995380-89BD-4b04-88EB-625FBE52EBFB}</UniqueIdentifier>
      <Extensions>h;hpp;hxx;hm;inl;inc;xsd</Extensions>
    </Filter>
    <Filter Include="Resource Files">
      <UniqueIdentifier>{67DA6AB6-F800-4c08-8B7A-83BB121AAD01}</UniqueIdentifier>
      <Extensions>rc;ico;cur;bmp;dlg;rc2;rct;bin;rgs;gif;jpg;jpeg;jpe;resx;tiff;tif;png;wav;mfcribbon-ms</Extensions>
    </Filter>
  </ItemGroup>
  <ItemGroup>
    <None Include="N8I Arduino Hardware Lib.props" />
    <None Include="README.md" />
    <None Include="LICENSE" />
  </ItemGroup>
  <ItemGroup>
    <Text Include="Read me.txt" />
  </ItemGroup>
  <ItemGroup>
    <ClInclude Include="SPISerial\CircularBuffer.h">
      <Filter>Header Files</Filter>
    </ClInclude>
    <ClInclude Include="SPISerial\Registers.h">
      <Filter>Header Files</Filter>
    </ClInclude>
    <ClInclude Include="SPISerial\SPISerial.h">
      <Filter>Header Files</Filter>
    </ClInclude>
    <ClInclude Include="SPIEEPROM\SPI EEPROM.h">
      <Filter>Header Files</Filter>
    </ClInclude>
    <ClInclude Include="PCF2123\RealTimeClock.h">
      <Filter>Header Files</Filter>
    </ClInclude>
    <ClInclude Include="PCF2123\TimeData.h">
      <Filter>Header Files</Filter>
    </ClInclude>
    <ClInclude Include="SharedSPI\SharedSPI.h">
      <Filter>Header Files</Filter>
    </ClInclude>
    <ClInclude Include="MMA845x\Accelerometer.h">
      <Filter>Header Files</Filter>
    </ClInclude>
    <ClInclude Include="MMA845x\Registers.h">
      <Filter>Header Files</Filter>
    </ClInclude>
    <ClInclude Include="MMA845x\TransientConfig.h">
      <Filter>Header Files</Filter>
    </ClInclude>
    <ClInclude Include="MMA845x\Config.h">
      <Filter>Header Files</Filter>
    </ClInclude>
    <ClInclude Include="I2C\I2C.h">
      <Filter>Header Files</Filter>
    </ClInclude>
  </ItemGroup>
  <ItemGroup>
    <ClCompile Include="SPISerial\SPISerial.cpp">
      <Filter>Source Files</Filter>
    </ClCompile>
    <ClCompile Include="SPIEEPROM\SPI EEPROM.cpp">
      <Filter>Source Files</Filter>
    </ClCompile>
    <ClCompile Include="PCF2123\RealTimeClock.cpp">
      <Filter>Source Files</Filter>
    </ClCompile>
    <ClCompile Include="PCF2123\TimeData.cpp">
      <Filter>Source Files</Filter>
    </ClCompile>
    <ClCompile Include="SharedSPI\SharedSPI.cpp">
      <Filter>Source Files</Filter>
    </ClCompile>
    <ClCompile Include="MMA845x\Accelerometer.cpp">
      <Filter>Source Files</Filter>
    </ClCompile>
    <ClCompile Include="MMA845x\TransientConfig.cpp">
      <Filter>Source Files</Filter>
    </ClCompile>
    <ClCompile Include="I2C\I2C.cpp">
      <Filter>Source Files</Filter>
    </ClCompile>
  </ItemGroup>
</Project>